
Microsoft Visual Studio Solution File, Format Version 12.00
# Visual Studio Version 17
VisualStudioVersion = 17.2.32526.322
MinimumVisualStudioVersion = 10.0.40219.1
Project("{9A19103F-16F7-4668-BE54-9A1E7A4F7556}") = "ShopApp.Entities", "ShopApp.Entities\ShopApp.Entities.csproj", "{67BEBE0B-84D8-4A2A-A72F-8F72E1C2A7C6}"
EndProject
Project("{9A19103F-16F7-4668-BE54-9A1E7A4F7556}") = "ShopApp.DataAccess", "ShopApp.DataAccess\ShopApp.DataAccess.csproj", "{E4A9B0A1-E186-46E3-9B0D-FD49A11DEEBE}"
EndProject
Project("{9A19103F-16F7-4668-BE54-9A1E7A4F7556}") = "ShopApp.Business", "ShopApp.Business\ShopApp.Business.csproj", "{31EB8BEF-8127-47FA-A16A-06335B13186F}"
EndProject
Project("{9A19103F-16F7-4668-BE54-9A1E7A4F7556}") = "ShopApp.WebUI", "ShopApp.WebUI\ShopApp.WebUI.csproj", "{6CF57ABB-B2F3-498F-BBBE-DB8FA4A302BD}"
EndProject
Global
	GlobalSection(SolutionConfigurationPlatforms) = preSolution
		Debug|Any CPU = Debug|Any CPU
		Release|Any CPU = Release|Any CPU
	EndGlobalSection
	GlobalSection(ProjectConfigurationPlatforms) = postSolution
		{67BEBE0B-84D8-4A2A-A72F-8F72E1C2A7C6}.Debug|Any CPU.ActiveCfg = Debug|Any CPU
		{67BEBE0B-84D8-4A2A-A72F-8F72E1C2A7C6}.Debug|Any CPU.Build.0 = Debug|Any CPU
		{67BEBE0B-84D8-4A2A-A72F-8F72E1C2A7C6}.Release|Any CPU.ActiveCfg = Release|Any CPU
		{67BEBE0B-84D8-4A2A-A72F-8F72E1C2A7C6}.Release|Any CPU.Build.0 = Release|Any CPU
		{E4A9B0A1-E186-46E3-9B0D-FD49A11DEEBE}.Debug|Any CPU.ActiveCfg = Debug|Any CPU
		{E4A9B0A1-E186-46E3-9B0D-FD49A11DEEBE}.Debug|Any CPU.Build.0 = Debug|Any CPU
		{E4A9B0A1-E186-46E3-9B0D-FD49A11DEEBE}.Release|Any CPU.ActiveCfg = Release|Any CPU
		{E4A9B0A1-E186-46E3-9B0D-FD49A11DEEBE}.Release|Any CPU.Build.0 = Release|Any CPU
		{31EB8BEF-8127-47FA-A16A-06335B13186F}.Debug|Any CPU.ActiveCfg = Debug|Any CPU
		{31EB8BEF-8127-47FA-A16A-06335B13186F}.Debug|Any CPU.Build.0 = Debug|Any CPU
		{31EB8BEF-8127-47FA-A16A-06335B13186F}.Release|Any CPU.ActiveCfg = Release|Any CPU
		{31EB8BEF-8127-47FA-A16A-06335B13186F}.Release|Any CPU.Build.0 = Release|Any CPU
		{6CF57ABB-B2F3-498F-BBBE-DB8FA4A302BD}.Debug|Any CPU.ActiveCfg = Debug|Any CPU
		{6CF57ABB-B2F3-498F-BBBE-DB8FA4A302BD}.Debug|Any CPU.Build.0 = Debug|Any CPU
		{6CF57ABB-B2F3-498F-BBBE-DB8FA4A302BD}.Release|Any CPU.ActiveCfg = Release|Any CPU
		{6CF57ABB-B2F3-498F-BBBE-DB8FA4A302BD}.Release|Any CPU.Build.0 = Release|Any CPU
	EndGlobalSection
	GlobalSection(SolutionProperties) = preSolution
		HideSolutionNode = FALSE
	EndGlobalSection
	GlobalSection(ExtensibilityGlobals) = postSolution
		SolutionGuid = {C92C009D-62BA-4FEC-BEB4-76D2EDD64A8F}
	EndGlobalSection
EndGlobal
